{
  "requires": true,
  "lockfileVersion": 1,
  "dependencies": {
    "jquery": {
      "version": "3.3.1",
      "resolved": "https://registry.npmjs.org/jquery/-/jquery-3.3.1.tgz",
      "integrity": "sha1-lYzinoHJeQ8xvneS311NlfxX+8o="
    },
    "jquery-timepicker": {
      "version": "1.3.3",
      "resolved": "https://registry.npmjs.org/jquery-timepicker/-/jquery-timepicker-1.3.3.tgz",
      "integrity": "sha1-A0FgyQpSYZ32iWPtp2JdH8qJy3o=",
      "requires": {
        "jquery": "3.3.1"
      }
    },
    "timepicker": {
      "version": "1.11.12",
      "resolved": "https://registry.npmjs.org/timepicker/-/timepicker-1.11.12.tgz",
      "integrity": "sha1-d2oY8t+xxy/pkwWKcDxRAyE/ZQA=",
      "requires": {
        "jquery": "3.3.1"
      }
    }
  }
}
